// !$*UTF8*$!
{
	archiveVersion = 1;
	classes = {
	};
	objectVersion = 55;
	objects = {

/* Begin PBXBuildFile section */
		DD78994F293A47B300536253 /* SocketIO in Frameworks */ = {isa = PBXBuildFile; productRef = DD78994E293A47B300536253 /* SocketIO */; };
		DD9E01C128FDAB0E00E4A9D3 /* SocketAppApp.swift in Sources */ = {isa = PBXBuildFile; fileRef = DD9E01C028FDAB0E00E4A9D3 /* SocketAppApp.swift */; };
		DD9E01C328FDAB0E00E4A9D3 /* ContentView.swift in Sources */ = {isa = PBXBuildFile; fileRef = DD9E01C228FDAB0E00E4A9D3 /* ContentView.swift */; };
		DD9E01C528FDAB1000E4A9D3 /* Assets.xcassets in Resources */ = {isa = PBXBuildFile; fileRef = DD9E01C428FDAB1000E4A9D3 /* Assets.xcassets */; };
		DD9E01C828FDAB1000E4A9D3 /* Preview Assets.xcassets in Resources */ = {isa = PBXBuildFile; fileRef = DD9E01C728FDAB1000E4A9D3 /* Preview Assets.xcassets */; };
		DD9E01D228FDAB1000E4A9D3 /* SocketAppTests.swift in Sources */ = {isa = PBXBuildFile; fileRef = DD9E01D128FDAB1000E4A9D3 /* SocketAppTests.swift */; };
		DD9E01DC28FDAB1000E4A9D3 /* SocketAppUITests.swift in Sources */ = {isa = PBXBuildFile; fileRef = DD9E01DB28FDAB1000E4A9D3 /* SocketAppUITests.swift */; };
		DD9E01DE28FDAB1000E4A9D3 /* SocketAppUITestsLaunchTests.swift in Sources */ = {isa = PBXBuildFile; fileRef = DD9E01DD28FDAB1000E4A9D3 /* SocketAppUITestsLaunchTests.swift */; };
		DD9E01EC28FDAB3F00E4A9D3 /* SocketIO in Frameworks */ = {isa = PBXBuildFile; productRef = DD9E01EB28FDAB3F00E4A9D3 /* SocketIO */; };
/* End PBXBuildFile section */

/* Begin PBXContainerItemProxy section */
		DD9E01CE28FDAB1000E4A9D3 /* PBXContainerItemProxy */ = {
			isa = PBXContainerItemProxy;
			containerPortal = DD9E01B528FDAB0D00E4A9D3 /* Project object */;
			proxyType = 1;
			remoteGlobalIDString = DD9E01BC28FDAB0E00E4A9D3;
			remoteInfo = SocketApp;
		};
		DD9E01D828FDAB1000E4A9D3 /* PBXContainerItemProxy */ = {
			isa = PBXContainerItemProxy;
			containerPortal = DD9E01B528FDAB0D00E4A9D3 /* Project object */;
			proxyType = 1;
			remoteGlobalIDString = DD9E01BC28FDAB0E00E4A9D3;
			remoteInfo = SocketApp;
		};
/* End PBXContainerItemProxy section */

/* Begin PBXFileReference section */
		DD9E01BD28FDAB0E00E4A9D3 /* SocketApp.app */ = {isa = PBXFileReference; explicitFileType = wrapper.application; includeInIndex = 0; path = SocketApp.app; sourceTree = BUILT_PRODUCTS_DIR; };
		DD9E01C028FDAB0E00E4A9D3 /* SocketAppApp.swift */ = {isa = PBXFileReference; lastKnownFileType = sourcecode.swift; path = SocketAppApp.swift; sourceTree = "<group>"; };
		DD9E01C228FDAB0E00E4A9D3 /* ContentView.swift */ = {isa = PBXFileReference; lastKnownFileType = sourcecode.swift; path = ContentView.swift; sourceTree = "<group>"; };
		DD9E01C428FDAB1000E4A9D3 /* Assets.xcassets */ = {isa = PBXFileReference; lastKnownFileType = folder.assetcatalog; path = Assets.xcassets; sourceTree = "<group>"; };
		DD9E01C728FDAB1000E4A9D3 /* Preview Assets.xcassets */ = {isa = PBXFileReference; lastKnownFileType = folder.assetcatalog; path = "Preview Assets.xcassets"; sourceTree = "<group>"; };
		DD9E01CD28FDAB1000E4A9D3 /* SocketAppTests.xctest */ = {isa = PBXFileReference; explicitFileType = wrapper.cfbundle; includeInIndex = 0; path = SocketAppTests.xctest; sourceTree = BUILT_PRODUCTS_DIR; };
		DD9E01D128FDAB1000E4A9D3 /* SocketAppTests.swift */ = {isa = PBXFileReference; lastKnownFileType = sourcecode.swift; path = SocketAppTests.swift; sourceTree = "<group>"; };
		DD9E01D728FDAB1000E4A9D3 /* SocketAppUITests.xctest */ = {isa = PBXFileReference; explicitFileType = wrapper.cfbundle; includeInIndex = 0; path = SocketAppUITests.xctest; sourceTree = BUILT_PRODUCTS_DIR; };
		DD9E01DB28FDAB1000E4A9D3 /* SocketAppUITests.swift */ = {isa = PBXFileReference; lastKnownFileType = sourcecode.swift; path = SocketAppUITests.swift; sourceTree = "<group>"; };
		DD9E01DD28FDAB1000E4A9D3 /* SocketAppUITestsLaunchTests.swift */ = {isa = PBXFileReference; lastKnownFileType = sourcecode.swift; path = SocketAppUITestsLaunchTests.swift; sourceTree = "<group>"; };
/* End PBXFileReference section */

/* Begin PBXFrameworksBuildPhase section */
		DD9E01BA28FDAB0E00E4A9D3 /* Frameworks */ = {
			isa = PBXFrameworksBuildPhase;
			buildActionMask = 2147483647;
			files = (
				DD9E01EC28FDAB3F00E4A9D3 /* SocketIO in Frameworks */,
				DD78994F293A47B300536253 /* SocketIO in Frameworks */,
			);
			runOnlyForDeploymentPostprocessing = 0;
		};
		DD9E01CA28FDAB1000E4A9D3 /* Frameworks */ = {
			isa = PBXFrameworksBuildPhase;
			buildActionMask = 2147483647;
			files = (
			);
			runOnlyForDeploymentPostprocessing = 0;
		};
		DD9E01D428FDAB1000E4A9D3 /* Frameworks */ = {
			isa = PBXFrameworksBuildPhase;
			buildActionMask = 2147483647;
			files = (
			);
			runOnlyForDeploymentPostprocessing = 0;
		};
/* End PBXFrameworksBuildPhase section */

/* Begin PBXGroup section */
		DD9E01B428FDAB0D00E4A9D3 = {
			isa = PBXGroup;
			children = (
				DD9E01BF28FDAB0E00E4A9D3 /* SocketApp */,
				DD9E01D028FDAB1000E4A9D3 /* SocketAppTests */,
				DD9E01DA28FDAB1000E4A9D3 /* SocketAppUITests */,
				DD9E01BE28FDAB0E00E4A9D3 /* Products */,
			);
			sourceTree = "<group>";
		};
		DD9E01BE28FDAB0E00E4A9D3 /* Products */ = {
			isa = PBXGroup;
			children = (
				DD9E01BD28FDAB0E00E4A9D3 /* SocketApp.app */,
				DD9E01CD28FDAB1000E4A9D3 /* SocketAppTests.xctest */,
				DD9E01D728FDAB1000E4A9D3 /* SocketAppUITests.xctest */,
			);
			name = Products;
			sourceTree = "<group>";
		};
		DD9E01BF28FDAB0E00E4A9D3 /* SocketApp */ = {
			isa = PBXGroup;
			children = (
				DD9E01C028FDAB0E00E4A9D3 /* SocketAppApp.swift */,
				DD9E01C228FDAB0E00E4A9D3 /* ContentView.swift */,
				DD9E01C428FDAB1000E4A9D3 /* Assets.xcassets */,
				DD9E01C628FDAB1000E4A9D3 /* Preview Content */,
			);
			path = SocketApp;
			sourceTree = "<group>";
		};
		DD9E01C628FDAB1000E4A9D3 /* Preview Content */ = {
			isa = PBXGroup;
			children = (
				DD9E01C728FDAB1000E4A9D3 /* Preview Assets.xcassets */,
			);
			path = "Preview Content";
			sourceTree = "<group>";
		};
		DD9E01D028FDAB1000E4A9D3 /* SocketAppTests */ = {
			isa = PBXGroup;
			children = (
				DD9E01D128FDAB1000E4A9D3 /* SocketAppTests.swift */,
			);
			path = SocketAppTests;
			sourceTree = "<group>";
		};
		DD9E01DA28FDAB1000E4A9D3 /* SocketAppUITests */ = {
			isa = PBXGroup;
			children = (
				DD9E01DB28FDAB1000E4A9D3 /* SocketAppUITests.swift */,
				DD9E01DD28FDAB1000E4A9D3 /* SocketAppUITestsLaunchTests.swift */,
			);
			path = SocketAppUITests;
			sourceTree = "<group>";
		};
/* End PBXGroup section */

/* Begin PBXNativeTarget section */
		DD9E01BC28FDAB0E00E4A9D3 /* SocketApp */ = {
			isa = PBXNativeTarget;
			buildConfigurationList = DD9E01E128FDAB1000E4A9D3 /* Build configuration list for PBXNativeTarget "SocketApp" */;
			buildPhases = (
				DD9E01B928FDAB0E00E4A9D3 /* Sources */,
				DD9E01BA28FDAB0E00E4A9D3 /* Frameworks */,
				DD9E01BB28FDAB0E00E4A9D3 /* Resources */,
			);
			buildRules = (
			);
			dependencies = (
			);
			name = SocketApp;
			packageProductDependencies = (
				DD9E01EB28FDAB3F00E4A9D3 /* SocketIO */,
				DD78994E293A47B300536253 /* SocketIO */,
			);
			productName = SocketApp;
			productReference = DD9E01BD28FDAB0E00E4A9D3 /* SocketApp.app */;
			productType = "com.apple.product-type.application";
		};
		DD9E01CC28FDAB1000E4A9D3 /* SocketAppTests */ = {
			isa = PBXNativeTarget;
			buildConfigurationList = DD9E01E428FDAB1000E4A9D3 /* Build configuration list for PBXNativeTarget "SocketAppTests" */;
			buildPhases = (
				DD9E01C928FDAB1000E4A9D3 /* Sources */,
				DD9E01CA28FDAB1000E4A9D3 /* Frameworks */,
				DD9E01CB28FDAB1000E4A9D3 /* Resources */,
			);
			buildRules = (
			);
			dependencies = (
				DD9E01CF28FDAB1000E4A9D3 /* PBXTargetDependency */,
			);
			name = SocketAppTests;
			productName = SocketAppTests;
			productReference = DD9E01CD28FDAB1000E4A9D3 /* SocketAppTests.xctest */;
			productType = "com.apple.product-type.bundle.unit-test";
		};
		DD9E01D628FDAB1000E4A9D3 /* SocketAppUITests */ = {
			isa = PBXNativeTarget;
			buildConfigurationList = DD9E01E728FDAB1000E4A9D3 /* Build configuration list for PBXNativeTarget "SocketAppUITests" */;
			buildPhases = (
				DD9E01D328FDAB1000E4A9D3 /* Sources */,
				DD9E01D428FDAB1000E4A9D3 /* Frameworks */,
				DD9E01D528FDAB1000E4A9D3 /* Resources */,
			);
			buildRules = (
			);
			dependencies = (
				DD9E01D928FDAB1000E4A9D3 /* PBXTargetDependency */,
			);
			name = SocketAppUITests;
			productName = SocketAppUITests;
			productReference = DD9E01D728FDAB1000E4A9D3 /* SocketAppUITests.xctest */;
			productType = "com.apple.product-type.bundle.ui-testing";
		};
/* End PBXNativeTarget section */

/* Begin PBXProject section */
		DD9E01B528FDAB0D00E4A9D3 /* Project object */ = {
			isa = PBXProject;
			attributes = {
				BuildIndependentTargetsInParallel = 1;
				LastSwiftUpdateCheck = 1340;
				LastUpgradeCheck = 1340;
				TargetAttributes = {
					DD9E01BC28FDAB0E00E4A9D3 = {
						CreatedOnToolsVersion = 13.4.1;
					};
					DD9E01CC28FDAB1000E4A9D3 = {
						CreatedOnToolsVersion = 13.4.1;
						TestTargetID = DD9E01BC28FDAB0E00E4A9D3;
					};
					DD9E01D628FDAB1000E4A9D3 = {
						CreatedOnToolsVersion = 13.4.1;
						TestTargetID = DD9E01BC28FDAB0E00E4A9D3;
					};
				};
			};
			buildConfigurationList = DD9E01B828FDAB0D00E4A9D3 /* Build configuration list for PBXProject "SocketApp" */;
			compatibilityVersion = "Xcode 13.0";
			developmentRegion = en;
			hasScannedForEncodings = 0;
			knownRegions = (
				en,
				Base,
			);
			mainGroup = DD9E01B428FDAB0D00E4A9D3;
			packageReferences = (
				DD9E01EA28FDAB3E00E4A9D3 /* XCRemoteSwiftPackageReference "socket" */,
				DD78994D293A47B300536253 /* XCRemoteSwiftPackageReference "socket" */,
			);
			productRefGroup = DD9E01BE28FDAB0E00E4A9D3 /* Products */;
			projectDirPath = "";
			projectRoot = "";
			targets = (
				DD9E01BC28FDAB0E00E4A9D3 /* SocketApp */,
				DD9E01CC28FDAB1000E4A9D3 /* SocketAppTests */,
				DD9E01D628FDAB1000E4A9D3 /* SocketAppUITests */,
			);
		};
/* End PBXProject section */

/* Begin PBXResourcesBuildPhase section */
		DD9E01BB28FDAB0E00E4A9D3 /* Resources */ = {
			isa = PBXResourcesBuildPhase;
			buildActionMask = 2147483647;
			files = (
				DD9E01C828FDAB1000E4A9D3 /* Preview Assets.xcassets in Resources */,
				DD9E01C528FDAB1000E4A9D3 /* Assets.xcassets in Resources */,
			);
			runOnlyForDeploymentPostprocessing = 0;
		};
		DD9E01CB28FDAB1000E4A9D3 /* Resources */ = {
			isa = PBXResourcesBuildPhase;
			buildActionMask = 2147483647;
			files = (
			);
			runOnlyForDeploymentPostprocessing = 0;
		};
		DD9E01D528FDAB1000E4A9D3 /* Resources */ = {
			isa = PBXResourcesBuildPhase;
			buildActionMask = 2147483647;
			files = (
			);
			runOnlyForDeploymentPostprocessing = 0;
		};
/* End PBXResourcesBuildPhase section */

/* Begin PBXSourcesBuildPhase section */
		DD9E01B928FDAB0E00E4A9D3 /* Sources */ = {
			isa = PBXSourcesBuildPhase;
			buildActionMask = 2147483647;
			files = (
				DD9E01C328FDAB0E00E4A9D3 /* ContentView.swift in Sources */,
				DD9E01C128FDAB0E00E4A9D3 /* SocketAppApp.swift in Sources */,
			);
			runOnlyForDeploymentPostprocessing = 0;
		};
		DD9E01C928FDAB1000E4A9D3 /* Sources */ = {
			isa = PBXSourcesBuildPhase;
			buildActionMask = 2147483647;
			files = (
				DD9E01D228FDAB1000E4A9D3 /* SocketAppTests.swift in Sources */,
			);
			runOnlyForDeploymentPostprocessing = 0;
		};
		DD9E01D328FDAB1000E4A9D3 /* Sources */ = {
			isa = PBXSourcesBuildPhase;
			buildActionMask = 2147483647;
			files = (
				DD9E01DC28FDAB1000E4A9D3 /* SocketAppUITests.swift in Sources */,
				DD9E01DE28FDAB1000E4A9D3 /* SocketAppUITestsLaunchTests.swift in Sources */,
			);
			runOnlyForDeploymentPostprocessing = 0;
		};
/* End PBXSourcesBuildPhase section */

/* Begin PBXTargetDependency section */
		DD9E01CF28FDAB1000E4A9D3 /* PBXTargetDependency */ = {
			isa = PBXTargetDependency;
			target = DD9E01BC28FDAB0E00E4A9D3 /* SocketApp */;
			targetProxy = DD9E01CE28FDAB1000E4A9D3 /* PBXContainerItemProxy */;
		};
		DD9E01D928FDAB1000E4A9D3 /* PBXTargetDependency */ = {
			isa = PBXTargetDependency;
			target = DD9E01BC28FDAB0E00E4A9D3 /* SocketApp */;
			targetProxy = DD9E01D828FDAB1000E4A9D3 /* PBXContainerItemProxy */;
		};
/* End PBXTargetDependency section */

/* Begin XCBuildConfiguration section */
		DD9E01DF28FDAB1000E4A9D3 /* Debug */ = {
			isa = XCBuildConfiguration;
			buildSettings = {
				ALWAYS_SEARCH_USER_PATHS = NO;
				CLANG_ANALYZER_NONNULL = YES;
				CLANG_ANALYZER_NUMBER_OBJECT_CONVERSION = YES_AGGRESSIVE;
				CLANG_CXX_LANGUAGE_STANDARD = "gnu++17";
				CLANG_ENABLE_MODULES = YES;
				CLANG_ENABLE_OBJC_ARC = YES;
				CLANG_ENABLE_OBJC_WEAK = YES;
				CLANG_WARN_BLOCK_CAPTURE_AUTORELEASING = YES;
				CLANG_WARN_BOOL_CONVERSION = YES;
				CLANG_WARN_COMMA = YES;
				CLANG_WARN_CONSTANT_CONVERSION = YES;
				CLANG_WARN_DEPRECATED_OBJC_IMPLEMENTATIONS = YES;
				CLANG_WARN_DIRECT_OBJC_ISA_USAGE = YES_ERROR;
				CLANG_WARN_DOCUMENTATION_COMMENTS = YES;
				CLANG_WARN_EMPTY_BODY = YES;
				CLANG_WARN_ENUM_CONVERSION = YES;
				CLANG_WARN_INFINITE_RECURSION = YES;
				CLANG_WARN_INT_CONVERSION = YES;
				CLANG_WARN_NON_LITERAL_NULL_CONVERSION = YES;
				CLANG_WARN_OBJC_IMPLICIT_RETAIN_SELF = YES;
				CLANG_WARN_OBJC_LITERAL_CONVERSION = YES;
				CLANG_WARN_OBJC_ROOT_CLASS = YES_ERROR;
				CLANG_WARN_QUOTED_INCLUDE_IN_FRAMEWORK_HEADER = YES;
				CLANG_WARN_RANGE_LOOP_ANALYSIS = YES;
				CLANG_WARN_STRICT_PROTOTYPES = YES;
				CLANG_WARN_SUSPICIOUS_MOVE = YES;
				CLANG_WARN_UNGUARDED_AVAILABILITY = YES_AGGRESSIVE;
				CLANG_WARN_UNREACHABLE_CODE = YES;
				CLANG_WARN__DUPLICATE_METHOD_MATCH = YES;
				COPY_PHASE_STRIP = NO;
				DEBUG_INFORMATION_FORMAT = dwarf;
				ENABLE_STRICT_OBJC_MSGSEND = YES;
				ENABLE_TESTABILITY = YES;
				GCC_C_LANGUAGE_STANDARD = gnu11;
				GCC_DYNAMIC_NO_PIC = NO;
				GCC_NO_COMMON_BLOCKS = YES;
				GCC_OPTIMIZATION_LEVEL = 0;
				GCC_PREPROCESSOR_DEFINITIONS = (
					"DEBUG=1",
					"$(inherited)",
				);
				GCC_WARN_64_TO_32_BIT_CONVERSION = YES;
				GCC_WARN_ABOUT_RETURN_TYPE = YES_ERROR;
				GCC_WARN_UNDECLARED_SELECTOR = YES;
				GCC_WARN_UNINITIALIZED_AUTOS = YES_AGGRESSIVE;
				GCC_WARN_UNUSED_FUNCTION = YES;
				GCC_WARN_UNUSED_VARIABLE = YES;
				IPHONEOS_DEPLOYMENT_TARGET = 15.5;
				MTL_ENABLE_DEBUG_INFO = INCLUDE_SOURCE;
				MTL_FAST_MATH = YES;
				ONLY_ACTIVE_ARCH = YES;
				SDKROOT = iphoneos;
				SWIFT_ACTIVE_COMPILATION_CONDITIONS = DEBUG;
				SWIFT_OPTIMIZATION_LEVEL = "-Onone";
			};
			name = Debug;
		};
		DD9E01E028FDAB1000E4A9D3 /* Release */ = {
			isa = XCBuildConfiguration;
			buildSettings = {
				ALWAYS_SEARCH_USER_PATHS = NO;
				CLANG_ANALYZER_NONNULL = YES;
				CLANG_ANALYZER_NUMBER_OBJECT_CONVERSION = YES_AGGRESSIVE;
				CLANG_CXX_LANGUAGE_STANDARD = "gnu++17";
				CLANG_ENABLE_MODULES = YES;
				CLANG_ENABLE_OBJC_ARC = YES;
				CLANG_ENABLE_OBJC_WEAK = YES;
				CLANG_WARN_BLOCK_CAPTURE_AUTORELEASING = YES;
				CLANG_WARN_BOOL_CONVERSION = YES;
				CLANG_WARN_COMMA = YES;
				CLANG_WARN_CONSTANT_CONVERSION = YES;
				CLANG_WARN_DEPRECATED_OBJC_IMPLEMENTATIONS = YES;
				CLANG_WARN_DIRECT_OBJC_ISA_USAGE = YES_ERROR;
				CLANG_WARN_DOCUMENTATION_COMMENTS = YES;
				CLANG_WARN_EMPTY_BODY = YES;
				CLANG_WARN_ENUM_CONVERSION = YES;
				CLANG_WARN_INFINITE_RECURSION = YES;
				CLANG_WARN_INT_CONVERSION = YES;
				CLANG_WARN_NON_LITERAL_NULL_CONVERSION = YES;
				CLANG_WARN_OBJC_IMPLICIT_RETAIN_SELF = YES;
				CLANG_WARN_OBJC_LITERAL_CONVERSION = YES;
				CLANG_WARN_OBJC_ROOT_CLASS = YES_ERROR;
				CLANG_WARN_QUOTED_INCLUDE_IN_FRAMEWORK_HEADER = YES;
				CLANG_WARN_RANGE_LOOP_ANALYSIS = YES;
				CLANG_WARN_STRICT_PROTOTYPES = YES;
				CLANG_WARN_SUSPICIOUS_MOVE = YES;
				CLANG_WARN_UNGUARDED_AVAILABILITY = YES_AGGRESSIVE;
				CLANG_WARN_UNREACHABLE_CODE = YES;
				CLANG_WARN__DUPLICATE_METHOD_MATCH = YES;
				COPY_PHASE_STRIP = NO;
				DEBUG_INFORMATION_FORMAT = "dwarf-with-dsym";
				ENABLE_NS_ASSERTIONS = NO;
				ENABLE_STRICT_OBJC_MSGSEND = YES;
				GCC_C_LANGUAGE_STANDARD = gnu11;
				GCC_NO_COMMON_BLOCKS = YES;
				GCC_WARN_64_TO_32_BIT_CONVERSION = YES;
				GCC_WARN_ABOUT_RETURN_TYPE = YES_ERROR;
				GCC_WARN_UNDECLARED_SELECTOR = YES;
				GCC_WARN_UNINITIALIZED_AUTOS = YES_AGGRESSIVE;
				GCC_WARN_UNUSED_FUNCTION = YES;
				GCC_WARN_UNUSED_VARIABLE = YES;
				IPHONEOS_DEPLOYMENT_TARGET = 15.5;
				MTL_ENABLE_DEBUG_INFO = NO;
				MTL_FAST_MATH = YES;
				SDKROOT = iphoneos;
				SWIFT_COMPILATION_MODE = wholemodule;
				SWIFT_OPTIMIZATION_LEVEL = "-O";
				VALIDATE_PRODUCT = YES;
			};
			name = Release;
		};
		DD9E01E228FDAB1000E4A9D3 /* Debug */ = {
			isa = XCBuildConfiguration;
			buildSettings = {
				ASSETCATALOG_COMPILER_APPICON_NAME = AppIcon;
				ASSETCATALOG_COMPILER_GLOBAL_ACCENT_COLOR_NAME = AccentColor;
				CODE_SIGN_STYLE = Automatic;
				CURRENT_PROJECT_VERSION = 1;
				DEVELOPMENT_ASSET_PATHS = "\"SocketApp/Preview Content\"";
				ENABLE_PREVIEWS = YES;
				GENERATE_INFOPLIST_FILE = YES;
				INFOPLIST_KEY_UIApplicationSceneManifest_Generation = YES;
				INFOPLIST_KEY_UIApplicationSupportsIndirectInputEvents = YES;
				INFOPLIST_KEY_UILaunchScreen_Generation = YES;
				INFOPLIST_KEY_UISupportedInterfaceOrientations_iPad = "UIInterfaceOrientationPortrait UIInterfaceOrientationPortraitUpsideDown UIInterfaceOrientationLandscapeLeft UIInterfaceOrientationLandscapeRight";
				INFOPLIST_KEY_UISupportedInterfaceOrientations_iPhone = "UIInterfaceOrientationPortrait UIInterfaceOrientationLandscapeLeft UIInterfaceOrientationLandscapeRight";
				LD_RUNPATH_SEARCH_PATHS = (
					"$(inherited)",
					"@executable_path/Frameworks",
				);
				MARKETING_VERSION = 1.0;
				PRODUCT_BUNDLE_IDENTIFIER = aveal.SocketApp;
				PRODUCT_NAME = "$(TARGET_NAME)";
				SWIFT_EMIT_LOC_STRINGS = YES;
				SWIFT_VERSION = 5.0;
				TARGETED_DEVICE_FAMILY = "1,2";
			};
			name = Debug;
		};
		DD9E01E328FDAB1000E4A9D3 /* Release */ = {
			isa = XCBuildConfiguration;
			buildSettings = {
				ASSETCATALOG_COMPILER_APPICON_NAME = AppIcon;
				ASSETCATALOG_COMPILER_GLOBAL_ACCENT_COLOR_NAME = AccentColor;
				CODE_SIGN_STYLE = Automatic;
				CURRENT_PROJECT_VERSION = 1;
				DEVELOPMENT_ASSET_PATHS = "\"SocketApp/Preview Content\"";
				ENABLE_PREVIEWS = YES;
				GENERATE_INFOPLIST_FILE = YES;
				INFOPLIST_KEY_UIApplicationSceneManifest_Generation = YES;
				INFOPLIST_KEY_UIApplicationSupportsIndirectInputEvents = YES;
				INFOPLIST_KEY_UILaunchScreen_Generation = YES;
				INFOPLIST_KEY_UISupportedInterfaceOrientations_iPad = "UIInterfaceOrientationPortrait UIInterfaceOrientationPortraitUpsideDown UIInterfaceOrientationLandscapeLeft UIInterfaceOrientationLandscapeRight";
				INFOPLIST_KEY_UISupportedInterfaceOrientations_iPhone = "UIInterfaceOrientationPortrait UIInterfaceOrientationLandscapeLeft UIInterfaceOrientationLandscapeRight";
				LD_RUNPATH_SEARCH_PATHS = (
					"$(inherited)",
					"@executable_path/Frameworks",
				);
				MARKETING_VERSION = 1.0;
				PRODUCT_BUNDLE_IDENTIFIER = aveal.SocketApp;
				PRODUCT_NAME = "$(TARGET_NAME)";
				SWIFT_EMIT_LOC_STRINGS = YES;
				SWIFT_VERSION = 5.0;
				TARGETED_DEVICE_FAMILY = "1,2";
			};
			name = Release;
		};
		DD9E01E528FDAB1000E4A9D3 /* Debug */ = {
			isa = XCBuildConfiguration;
			buildSettings = {
				ALWAYS_EMBED_SWIFT_STANDARD_LIBRARIES = YES;
				BUNDLE_LOADER = "$(TEST_HOST)";
				CODE_SIGN_STYLE = Automatic;
				CURRENT_PROJECT_VERSION = 1;
				GENERATE_INFOPLIST_FILE = YES;
				IPHONEOS_DEPLOYMENT_TARGET = 15.5;
				MARKETING_VERSION = 1.0;
				PRODUCT_BUNDLE_IDENTIFIER = aveal.SocketAppTests;
				PRODUCT_NAME = "$(TARGET_NAME)";
				SWIFT_EMIT_LOC_STRINGS = NO;
				SWIFT_VERSION = 5.0;
				TARGETED_DEVICE_FAMILY = "1,2";
				TEST_HOST = "$(BUILT_PRODUCTS_DIR)/SocketApp.app/SocketApp";
			};
			name = Debug;
		};
		DD9E01E628FDAB1000E4A9D3 /* Release */ = {
			isa = XCBuildConfiguration;
			buildSettings = {
				ALWAYS_EMBED_SWIFT_STANDARD_LIBRARIES = YES;
				BUNDLE_LOADER = "$(TEST_HOST)";
				CODE_SIGN_STYLE = Automatic;
				CURRENT_PROJECT_VERSION = 1;
				GENERATE_INFOPLIST_FILE = YES;
				IPHONEOS_DEPLOYMENT_TARGET = 15.5;
				MARKETING_VERSION = 1.0;
				PRODUCT_BUNDLE_IDENTIFIER = aveal.SocketAppTests;
				PRODUCT_NAME = "$(TARGET_NAME)";
				SWIFT_EMIT_LOC_STRINGS = NO;
				SWIFT_VERSION = 5.0;
				TARGETED_DEVICE_FAMILY = "1,2";
				TEST_HOST = "$(BUILT_PRODUCTS_DIR)/SocketApp.app/SocketApp";
			};
			name = Release;
		};
		DD9E01E828FDAB1000E4A9D3 /* Debug */ = {
			isa = XCBuildConfiguration;
			buildSettings = {
				ALWAYS_EMBED_SWIFT_STANDARD_LIBRARIES = YES;
				CODE_SIGN_STYLE = Automatic;
				CURRENT_PROJECT_VERSION = 1;
				GENERATE_INFOPLIST_FILE = YES;
				MARKETING_VERSION = 1.0;
				PRODUCT_BUNDLE_IDENTIFIER = aveal.SocketAppUITests;
				PRODUCT_NAME = "$(TARGET_NAME)";
				SWIFT_EMIT_LOC_STRINGS = NO;
				SWIFT_VERSION = 5.0;
				TARGETED_DEVICE_FAMILY = "1,2";
				TEST_TARGET_NAME = SocketApp;
			};
			name = Debug;
		};
		DD9E01E928FDAB1000E4A9D3 /* Release */ = {
			isa = XCBuildConfiguration;
			buildSettings = {
				ALWAYS_EMBED_SWIFT_STANDARD_LIBRARIES = YES;
				CODE_SIGN_STYLE = Automatic;
				CURRENT_PROJECT_VERSION = 1;
				GENERATE_INFOPLIST_FILE = YES;
				MARKETING_VERSION = 1.0;
				PRODUCT_BUNDLE_IDENTIFIER = aveal.SocketAppUITests;
				PRODUCT_NAME = "$(TARGET_NAME)";
				SWIFT_EMIT_LOC_STRINGS = NO;
				SWIFT_VERSION = 5.0;
				TARGETED_DEVICE_FAMILY = "1,2";
				TEST_TARGET_NAME = SocketApp;
			};
			name = Release;
		};
/* End XCBuildConfiguration section */

/* Begin XCConfigurationList section */
		DD9E01B828FDAB0D00E4A9D3 /* Build configuration list for PBXProject "SocketApp" */ = {
			isa = XCConfigurationList;
			buildConfigurations = (
				DD9E01DF28FDAB1000E4A9D3 /* Debug */,
				DD9E01E028FDAB1000E4A9D3 /* Release */,
			);
			defaultConfigurationIsVisible = 0;
			defaultConfigurationName = Release;
		};
		DD9E01E128FDAB1000E4A9D3 /* Build configuration list for PBXNativeTarget "SocketApp" */ = {
			isa = XCConfigurationList;
			buildConfigurations = (
				DD9E01E228FDAB1000E4A9D3 /* Debug */,
				DD9E01E328FDAB1000E4A9D3 /* Release */,
			);
			defaultConfigurationIsVisible = 0;
			defaultConfigurationName = Release;
		};
		DD9E01E428FDAB1000E4A9D3 /* Build configuration list for PBXNativeTarget "SocketAppTests" */ = {
			isa = XCConfigurationList;
			buildConfigurations = (
				DD9E01E528FDAB1000E4A9D3 /* Debug */,
				DD9E01E628FDAB1000E4A9D3 /* Release */,
			);
			defaultConfigurationIsVisible = 0;
			defaultConfigurationName = Release;
		};
		DD9E01E728FDAB1000E4A9D3 /* Build configuration list for PBXNativeTarget "SocketAppUITests" */ = {
			isa = XCConfigurationList;
			buildConfigurations = (
				DD9E01E828FDAB1000E4A9D3 /* Debug */,
				DD9E01E928FDAB1000E4A9D3 /* Release */,
			);
			defaultConfigurationIsVisible = 0;
			defaultConfigurationName = Release;
		};
/* End XCConfigurationList section */

/* Begin XCRemoteSwiftPackageReference section */
		DD78994D293A47B300536253 /* XCRemoteSwiftPackageReference "socket" */ = {
			isa = XCRemoteSwiftPackageReference;
			repositoryURL = "https://github.com/socketio/socket.io-client-swift";
			requirement = {
				branch = master;
				kind = branch;
			};
		};
		DD9E01EA28FDAB3E00E4A9D3 /* XCRemoteSwiftPackageReference "socket" */ = {
			isa = XCRemoteSwiftPackageReference;
			repositoryURL = "https://github.com/socketio/socket.io-client-swift";
			requirement = {
				branch = master;
				kind = branch;
			};
		};
/* End XCRemoteSwiftPackageReference section */

/* Begin XCSwiftPackageProductDependency section */
		DD78994E293A47B300536253 /* SocketIO */ = {
			isa = XCSwiftPackageProductDependency;
			package = DD9E01EA28FDAB3E00E4A9D3 /* XCRemoteSwiftPackageReference "socket" */;
			productName = SocketIO;
		};
		DD9E01EB28FDAB3F00E4A9D3 /* SocketIO */ = {
			isa = XCSwiftPackageProductDependency;
			package = DD9E01EA28FDAB3E00E4A9D3 /* XCRemoteSwiftPackageReference "socket" */;
			productName = SocketIO;
		};
/* End XCSwiftPackageProductDependency section */
	};
	rootObject = DD9E01B528FDAB0D00E4A9D3 /* Project object */;
}
