// !$*UTF8*$!
{
	archiveVersion = 1;
	classes = {
	};
	objectVersion = 55;
	objects = {

/* Begin PBXBuildFile section */
		DD9A56D928F5BDBE003C6204 /* AppDelegate.swift in Sources */ = {isa = PBXBuildFile; fileRef = DD9A56D828F5BDBE003C6204 /* AppDelegate.swift */; };
		DD9A56DB28F5BDBE003C6204 /* SceneDelegate.swift in Sources */ = {isa = PBXBuildFile; fileRef = DD9A56DA28F5BDBE003C6204 /* SceneDelegate.swift */; };
		DD9A56DD28F5BDBE003C6204 /* ViewController.swift in Sources */ = {isa = PBXBuildFile; fileRef = DD9A56DC28F5BDBE003C6204 /* ViewController.swift */; };
		DD9A56E028F5BDBE003C6204 /* Main.storyboard in Resources */ = {isa = PBXBuildFile; fileRef = DD9A56DE28F5BDBE003C6204 /* Main.storyboard */; };
		DD9A56E228F5BDC3003C6204 /* Assets.xcassets in Resources */ = {isa = PBXBuildFile; fileRef = DD9A56E128F5BDC3003C6204 /* Assets.xcassets */; };
		DD9A56E528F5BDC3003C6204 /* LaunchScreen.storyboard in Resources */ = {isa = PBXBuildFile; fileRef = DD9A56E328F5BDC3003C6204 /* LaunchScreen.storyboard */; };
		DD9A56F028F5BDC4003C6204 /* CS275_PokerAppTests.swift in Sources */ = {isa = PBXBuildFile; fileRef = DD9A56EF28F5BDC4003C6204 /* CS275_PokerAppTests.swift */; };
		DD9A56FA28F5BDC4003C6204 /* CS275_PokerAppUITests.swift in Sources */ = {isa = PBXBuildFile; fileRef = DD9A56F928F5BDC4003C6204 /* CS275_PokerAppUITests.swift */; };
		DD9A56FC28F5BDC4003C6204 /* CS275_PokerAppUITestsLaunchTests.swift in Sources */ = {isa = PBXBuildFile; fileRef = DD9A56FB28F5BDC4003C6204 /* CS275_PokerAppUITestsLaunchTests.swift */; };
/* End PBXBuildFile section */

/* Begin PBXContainerItemProxy section */
		DD9A56EC28F5BDC4003C6204 /* PBXContainerItemProxy */ = {
			isa = PBXContainerItemProxy;
			containerPortal = DD9A56CD28F5BDBE003C6204 /* Project object */;
			proxyType = 1;
			remoteGlobalIDString = DD9A56D428F5BDBE003C6204;
			remoteInfo = "CS275-PokerApp";
		};
		DD9A56F628F5BDC4003C6204 /* PBXContainerItemProxy */ = {
			isa = PBXContainerItemProxy;
			containerPortal = DD9A56CD28F5BDBE003C6204 /* Project object */;
			proxyType = 1;
			remoteGlobalIDString = DD9A56D428F5BDBE003C6204;
			remoteInfo = "CS275-PokerApp";
		};
/* End PBXContainerItemProxy section */

/* Begin PBXFileReference section */
		DD9A56D528F5BDBE003C6204 /* CS275-PokerApp.app */ = {isa = PBXFileReference; explicitFileType = wrapper.application; includeInIndex = 0; path = "CS275-PokerApp.app"; sourceTree = BUILT_PRODUCTS_DIR; };
		DD9A56D828F5BDBE003C6204 /* AppDelegate.swift */ = {isa = PBXFileReference; lastKnownFileType = sourcecode.swift; path = AppDelegate.swift; sourceTree = "<group>"; };
		DD9A56DA28F5BDBE003C6204 /* SceneDelegate.swift */ = {isa = PBXFileReference; lastKnownFileType = sourcecode.swift; path = SceneDelegate.swift; sourceTree = "<group>"; };
		DD9A56DC28F5BDBE003C6204 /* ViewController.swift */ = {isa = PBXFileReference; lastKnownFileType = sourcecode.swift; path = ViewController.swift; sourceTree = "<group>"; };
		DD9A56DF28F5BDBE003C6204 /* Base */ = {isa = PBXFileReference; lastKnownFileType = file.storyboard; name = Base; path = Base.lproj/Main.storyboard; sourceTree = "<group>"; };
		DD9A56E128F5BDC3003C6204 /* Assets.xcassets */ = {isa = PBXFileReference; lastKnownFileType = folder.assetcatalog; path = Assets.xcassets; sourceTree = "<group>"; };
		DD9A56E428F5BDC3003C6204 /* Base */ = {isa = PBXFileReference; lastKnownFileType = file.storyboard; name = Base; path = Base.lproj/LaunchScreen.storyboard; sourceTree = "<group>"; };
		DD9A56E628F5BDC3003C6204 /* Info.plist */ = {isa = PBXFileReference; lastKnownFileType = text.plist.xml; path = Info.plist; sourceTree = "<group>"; };
		DD9A56EB28F5BDC4003C6204 /* CS275-PokerAppTests.xctest */ = {isa = PBXFileReference; explicitFileType = wrapper.cfbundle; includeInIndex = 0; path = "CS275-PokerAppTests.xctest"; sourceTree = BUILT_PRODUCTS_DIR; };
		DD9A56EF28F5BDC4003C6204 /* CS275_PokerAppTests.swift */ = {isa = PBXFileReference; lastKnownFileType = sourcecode.swift; path = CS275_PokerAppTests.swift; sourceTree = "<group>"; };
		DD9A56F528F5BDC4003C6204 /* CS275-PokerAppUITests.xctest */ = {isa = PBXFileReference; explicitFileType = wrapper.cfbundle; includeInIndex = 0; path = "CS275-PokerAppUITests.xctest"; sourceTree = BUILT_PRODUCTS_DIR; };
		DD9A56F928F5BDC4003C6204 /* CS275_PokerAppUITests.swift */ = {isa = PBXFileReference; lastKnownFileType = sourcecode.swift; path = CS275_PokerAppUITests.swift; sourceTree = "<group>"; };
		DD9A56FB28F5BDC4003C6204 /* CS275_PokerAppUITestsLaunchTests.swift */ = {isa = PBXFileReference; lastKnownFileType = sourcecode.swift; path = CS275_PokerAppUITestsLaunchTests.swift; sourceTree = "<group>"; };
/* End PBXFileReference section */

/* Begin PBXFrameworksBuildPhase section */
		DD9A56D228F5BDBE003C6204 /* Frameworks */ = {
			isa = PBXFrameworksBuildPhase;
			buildActionMask = 2147483647;
			files = (
			);
			runOnlyForDeploymentPostprocessing = 0;
		};
		DD9A56E828F5BDC4003C6204 /* Frameworks */ = {
			isa = PBXFrameworksBuildPhase;
			buildActionMask = 2147483647;
			files = (
			);
			runOnlyForDeploymentPostprocessing = 0;
		};
		DD9A56F228F5BDC4003C6204 /* Frameworks */ = {
			isa = PBXFrameworksBuildPhase;
			buildActionMask = 2147483647;
			files = (
			);
			runOnlyForDeploymentPostprocessing = 0;
		};
/* End PBXFrameworksBuildPhase section */

/* Begin PBXGroup section */
		DD9A56CC28F5BDBE003C6204 = {
			isa = PBXGroup;
			children = (
				DD9A56D728F5BDBE003C6204 /* CS275-PokerApp */,
				DD9A56EE28F5BDC4003C6204 /* CS275-PokerAppTests */,
				DD9A56F828F5BDC4003C6204 /* CS275-PokerAppUITests */,
				DD9A56D628F5BDBE003C6204 /* Products */,
			);
			sourceTree = "<group>";
		};
		DD9A56D628F5BDBE003C6204 /* Products */ = {
			isa = PBXGroup;
			children = (
				DD9A56D528F5BDBE003C6204 /* CS275-PokerApp.app */,
				DD9A56EB28F5BDC4003C6204 /* CS275-PokerAppTests.xctest */,
				DD9A56F528F5BDC4003C6204 /* CS275-PokerAppUITests.xctest */,
			);
			name = Products;
			sourceTree = "<group>";
		};
		DD9A56D728F5BDBE003C6204 /* CS275-PokerApp */ = {
			isa = PBXGroup;
			children = (
				DD9A56D828F5BDBE003C6204 /* AppDelegate.swift */,
				DD9A56DA28F5BDBE003C6204 /* SceneDelegate.swift */,
				DD9A56DC28F5BDBE003C6204 /* ViewController.swift */,
				DD9A56DE28F5BDBE003C6204 /* Main.storyboard */,
				DD9A56E128F5BDC3003C6204 /* Assets.xcassets */,
				DD9A56E328F5BDC3003C6204 /* LaunchScreen.storyboard */,
				DD9A56E628F5BDC3003C6204 /* Info.plist */,
			);
			path = "CS275-PokerApp";
			sourceTree = "<group>";
		};
		DD9A56EE28F5BDC4003C6204 /* CS275-PokerAppTests */ = {
			isa = PBXGroup;
			children = (
				DD9A56EF28F5BDC4003C6204 /* CS275_PokerAppTests.swift */,
			);
			path = "CS275-PokerAppTests";
			sourceTree = "<group>";
		};
		DD9A56F828F5BDC4003C6204 /* CS275-PokerAppUITests */ = {
			isa = PBXGroup;
			children = (
				DD9A56F928F5BDC4003C6204 /* CS275_PokerAppUITests.swift */,
				DD9A56FB28F5BDC4003C6204 /* CS275_PokerAppUITestsLaunchTests.swift */,
			);
			path = "CS275-PokerAppUITests";
			sourceTree = "<group>";
		};
/* End PBXGroup section */

/* Begin PBXNativeTarget section */
		DD9A56D428F5BDBE003C6204 /* CS275-PokerApp */ = {
			isa = PBXNativeTarget;
			buildConfigurationList = DD9A56FF28F5BDC4003C6204 /* Build configuration list for PBXNativeTarget "CS275-PokerApp" */;
			buildPhases = (
				DD9A56D128F5BDBE003C6204 /* Sources */,
				DD9A56D228F5BDBE003C6204 /* Frameworks */,
				DD9A56D328F5BDBE003C6204 /* Resources */,
			);
			buildRules = (
			);
			dependencies = (
			);
			name = "CS275-PokerApp";
			productName = "CS275-PokerApp";
			productReference = DD9A56D528F5BDBE003C6204 /* CS275-PokerApp.app */;
			productType = "com.apple.product-type.application";
		};
		DD9A56EA28F5BDC4003C6204 /* CS275-PokerAppTests */ = {
			isa = PBXNativeTarget;
			buildConfigurationList = DD9A570228F5BDC4003C6204 /* Build configuration list for PBXNativeTarget "CS275-PokerAppTests" */;
			buildPhases = (
				DD9A56E728F5BDC4003C6204 /* Sources */,
				DD9A56E828F5BDC4003C6204 /* Frameworks */,
				DD9A56E928F5BDC4003C6204 /* Resources */,
			);
			buildRules = (
			);
			dependencies = (
				DD9A56ED28F5BDC4003C6204 /* PBXTargetDependency */,
			);
			name = "CS275-PokerAppTests";
			productName = "CS275-PokerAppTests";
			productReference = DD9A56EB28F5BDC4003C6204 /* CS275-PokerAppTests.xctest */;
			productType = "com.apple.product-type.bundle.unit-test";
		};
		DD9A56F428F5BDC4003C6204 /* CS275-PokerAppUITests */ = {
			isa = PBXNativeTarget;
			buildConfigurationList = DD9A570528F5BDC4003C6204 /* Build configuration list for PBXNativeTarget "CS275-PokerAppUITests" */;
			buildPhases = (
				DD9A56F128F5BDC4003C6204 /* Sources */,
				DD9A56F228F5BDC4003C6204 /* Frameworks */,
				DD9A56F328F5BDC4003C6204 /* Resources */,
			);
			buildRules = (
			);
			dependencies = (
				DD9A56F728F5BDC4003C6204 /* PBXTargetDependency */,
			);
			name = "CS275-PokerAppUITests";
			productName = "CS275-PokerAppUITests";
			productReference = DD9A56F528F5BDC4003C6204 /* CS275-PokerAppUITests.xctest */;
			productType = "com.apple.product-type.bundle.ui-testing";
		};
/* End PBXNativeTarget section */

/* Begin PBXProject section */
		DD9A56CD28F5BDBE003C6204 /* Project object */ = {
			isa = PBXProject;
			attributes = {
				BuildIndependentTargetsInParallel = 1;
				LastSwiftUpdateCheck = 1340;
				LastUpgradeCheck = 1340;
				TargetAttributes = {
					DD9A56D428F5BDBE003C6204 = {
						CreatedOnToolsVersion = 13.4.1;
					};
					DD9A56EA28F5BDC4003C6204 = {
						CreatedOnToolsVersion = 13.4.1;
						TestTargetID = DD9A56D428F5BDBE003C6204;
					};
					DD9A56F428F5BDC4003C6204 = {
						CreatedOnToolsVersion = 13.4.1;
						TestTargetID = DD9A56D428F5BDBE003C6204;
					};
				};
			};
			buildConfigurationList = DD9A56D028F5BDBE003C6204 /* Build configuration list for PBXProject "CS275-PokerApp" */;
			compatibilityVersion = "Xcode 13.0";
			developmentRegion = en;
			hasScannedForEncodings = 0;
			knownRegions = (
				en,
				Base,
			);
			mainGroup = DD9A56CC28F5BDBE003C6204;
			productRefGroup = DD9A56D628F5BDBE003C6204 /* Products */;
			projectDirPath = "";
			projectRoot = "";
			targets = (
				DD9A56D428F5BDBE003C6204 /* CS275-PokerApp */,
				DD9A56EA28F5BDC4003C6204 /* CS275-PokerAppTests */,
				DD9A56F428F5BDC4003C6204 /* CS275-PokerAppUITests */,
			);
		};
/* End PBXProject section */

/* Begin PBXResourcesBuildPhase section */
		DD9A56D328F5BDBE003C6204 /* Resources */ = {
			isa = PBXResourcesBuildPhase;
			buildActionMask = 2147483647;
			files = (
				DD9A56E528F5BDC3003C6204 /* LaunchScreen.storyboard in Resources */,
				DD9A56E228F5BDC3003C6204 /* Assets.xcassets in Resources */,
				DD9A56E028F5BDBE003C6204 /* Main.storyboard in Resources */,
			);
			runOnlyForDeploymentPostprocessing = 0;
		};
		DD9A56E928F5BDC4003C6204 /* Resources */ = {
			isa = PBXResourcesBuildPhase;
			buildActionMask = 2147483647;
			files = (
			);
			runOnlyForDeploymentPostprocessing = 0;
		};
		DD9A56F328F5BDC4003C6204 /* Resources */ = {
			isa = PBXResourcesBuildPhase;
			buildActionMask = 2147483647;
			files = (
			);
			runOnlyForDeploymentPostprocessing = 0;
		};
/* End PBXResourcesBuildPhase section */

/* Begin PBXSourcesBuildPhase section */
		DD9A56D128F5BDBE003C6204 /* Sources */ = {
			isa = PBXSourcesBuildPhase;
			buildActionMask = 2147483647;
			files = (
				DD9A56DD28F5BDBE003C6204 /* ViewController.swift in Sources */,
				DD9A56D928F5BDBE003C6204 /* AppDelegate.swift in Sources */,
				DD9A56DB28F5BDBE003C6204 /* SceneDelegate.swift in Sources */,
			);
			runOnlyForDeploymentPostprocessing = 0;
		};
		DD9A56E728F5BDC4003C6204 /* Sources */ = {
			isa = PBXSourcesBuildPhase;
			buildActionMask = 2147483647;
			files = (
				DD9A56F028F5BDC4003C6204 /* CS275_PokerAppTests.swift in Sources */,
			);
			runOnlyForDeploymentPostprocessing = 0;
		};
		DD9A56F128F5BDC4003C6204 /* Sources */ = {
			isa = PBXSourcesBuildPhase;
			buildActionMask = 2147483647;
			files = (
				DD9A56FA28F5BDC4003C6204 /* CS275_PokerAppUITests.swift in Sources */,
				DD9A56FC28F5BDC4003C6204 /* CS275_PokerAppUITestsLaunchTests.swift in Sources */,
			);
			runOnlyForDeploymentPostprocessing = 0;
		};
/* End PBXSourcesBuildPhase section */

/* Begin PBXTargetDependency section */
		DD9A56ED28F5BDC4003C6204 /* PBXTargetDependency */ = {
			isa = PBXTargetDependency;
			target = DD9A56D428F5BDBE003C6204 /* CS275-PokerApp */;
			targetProxy = DD9A56EC28F5BDC4003C6204 /* PBXContainerItemProxy */;
		};
		DD9A56F728F5BDC4003C6204 /* PBXTargetDependency */ = {
			isa = PBXTargetDependency;
			target = DD9A56D428F5BDBE003C6204 /* CS275-PokerApp */;
			targetProxy = DD9A56F628F5BDC4003C6204 /* PBXContainerItemProxy */;
		};
/* End PBXTargetDependency section */

/* Begin PBXVariantGroup section */
		DD9A56DE28F5BDBE003C6204 /* Main.storyboard */ = {
			isa = PBXVariantGroup;
			children = (
				DD9A56DF28F5BDBE003C6204 /* Base */,
			);
			name = Main.storyboard;
			sourceTree = "<group>";
		};
		DD9A56E328F5BDC3003C6204 /* LaunchScreen.storyboard */ = {
			isa = PBXVariantGroup;
			children = (
				DD9A56E428F5BDC3003C6204 /* Base */,
			);
			name = LaunchScreen.storyboard;
			sourceTree = "<group>";
		};
/* End PBXVariantGroup section */

/* Begin XCBuildConfiguration section */
		DD9A56FD28F5BDC4003C6204 /* Debug */ = {
			isa = XCBuildConfiguration;
			buildSettings = {
				ALWAYS_SEARCH_USER_PATHS = NO;
				CLANG_ANALYZER_NONNULL = YES;
				CLANG_ANALYZER_NUMBER_OBJECT_CONVERSION = YES_AGGRESSIVE;
				CLANG_CXX_LANGUAGE_STANDARD = "gnu++17";
				CLANG_ENABLE_MODULES = YES;
				CLANG_ENABLE_OBJC_ARC = YES;
				CLANG_ENABLE_OBJC_WEAK = YES;
				CLANG_WARN_BLOCK_CAPTURE_AUTORELEASING = YES;
				CLANG_WARN_BOOL_CONVERSION = YES;
				CLANG_WARN_COMMA = YES;
				CLANG_WARN_CONSTANT_CONVERSION = YES;
				CLANG_WARN_DEPRECATED_OBJC_IMPLEMENTATIONS = YES;
				CLANG_WARN_DIRECT_OBJC_ISA_USAGE = YES_ERROR;
				CLANG_WARN_DOCUMENTATION_COMMENTS = YES;
				CLANG_WARN_EMPTY_BODY = YES;
				CLANG_WARN_ENUM_CONVERSION = YES;
				CLANG_WARN_INFINITE_RECURSION = YES;
				CLANG_WARN_INT_CONVERSION = YES;
				CLANG_WARN_NON_LITERAL_NULL_CONVERSION = YES;
				CLANG_WARN_OBJC_IMPLICIT_RETAIN_SELF = YES;
				CLANG_WARN_OBJC_LITERAL_CONVERSION = YES;
				CLANG_WARN_OBJC_ROOT_CLASS = YES_ERROR;
				CLANG_WARN_QUOTED_INCLUDE_IN_FRAMEWORK_HEADER = YES;
				CLANG_WARN_RANGE_LOOP_ANALYSIS = YES;
				CLANG_WARN_STRICT_PROTOTYPES = YES;
				CLANG_WARN_SUSPICIOUS_MOVE = YES;
				CLANG_WARN_UNGUARDED_AVAILABILITY = YES_AGGRESSIVE;
				CLANG_WARN_UNREACHABLE_CODE = YES;
				CLANG_WARN__DUPLICATE_METHOD_MATCH = YES;
				COPY_PHASE_STRIP = NO;
				DEBUG_INFORMATION_FORMAT = dwarf;
				ENABLE_STRICT_OBJC_MSGSEND = YES;
				ENABLE_TESTABILITY = YES;
				GCC_C_LANGUAGE_STANDARD = gnu11;
				GCC_DYNAMIC_NO_PIC = NO;
				GCC_NO_COMMON_BLOCKS = YES;
				GCC_OPTIMIZATION_LEVEL = 0;
				GCC_PREPROCESSOR_DEFINITIONS = (
					"DEBUG=1",
					"$(inherited)",
				);
				GCC_WARN_64_TO_32_BIT_CONVERSION = YES;
				GCC_WARN_ABOUT_RETURN_TYPE = YES_ERROR;
				GCC_WARN_UNDECLARED_SELECTOR = YES;
				GCC_WARN_UNINITIALIZED_AUTOS = YES_AGGRESSIVE;
				GCC_WARN_UNUSED_FUNCTION = YES;
				GCC_WARN_UNUSED_VARIABLE = YES;
				IPHONEOS_DEPLOYMENT_TARGET = 15.5;
				MTL_ENABLE_DEBUG_INFO = INCLUDE_SOURCE;
				MTL_FAST_MATH = YES;
				ONLY_ACTIVE_ARCH = YES;
				SDKROOT = iphoneos;
				SWIFT_ACTIVE_COMPILATION_CONDITIONS = DEBUG;
				SWIFT_OPTIMIZATION_LEVEL = "-Onone";
			};
			name = Debug;
		};
		DD9A56FE28F5BDC4003C6204 /* Release */ = {
			isa = XCBuildConfiguration;
			buildSettings = {
				ALWAYS_SEARCH_USER_PATHS = NO;
				CLANG_ANALYZER_NONNULL = YES;
				CLANG_ANALYZER_NUMBER_OBJECT_CONVERSION = YES_AGGRESSIVE;
				CLANG_CXX_LANGUAGE_STANDARD = "gnu++17";
				CLANG_ENABLE_MODULES = YES;
				CLANG_ENABLE_OBJC_ARC = YES;
				CLANG_ENABLE_OBJC_WEAK = YES;
				CLANG_WARN_BLOCK_CAPTURE_AUTORELEASING = YES;
				CLANG_WARN_BOOL_CONVERSION = YES;
				CLANG_WARN_COMMA = YES;
				CLANG_WARN_CONSTANT_CONVERSION = YES;
				CLANG_WARN_DEPRECATED_OBJC_IMPLEMENTATIONS = YES;
				CLANG_WARN_DIRECT_OBJC_ISA_USAGE = YES_ERROR;
				CLANG_WARN_DOCUMENTATION_COMMENTS = YES;
				CLANG_WARN_EMPTY_BODY = YES;
				CLANG_WARN_ENUM_CONVERSION = YES;
				CLANG_WARN_INFINITE_RECURSION = YES;
				CLANG_WARN_INT_CONVERSION = YES;
				CLANG_WARN_NON_LITERAL_NULL_CONVERSION = YES;
				CLANG_WARN_OBJC_IMPLICIT_RETAIN_SELF = YES;
				CLANG_WARN_OBJC_LITERAL_CONVERSION = YES;
				CLANG_WARN_OBJC_ROOT_CLASS = YES_ERROR;
				CLANG_WARN_QUOTED_INCLUDE_IN_FRAMEWORK_HEADER = YES;
				CLANG_WARN_RANGE_LOOP_ANALYSIS = YES;
				CLANG_WARN_STRICT_PROTOTYPES = YES;
				CLANG_WARN_SUSPICIOUS_MOVE = YES;
				CLANG_WARN_UNGUARDED_AVAILABILITY = YES_AGGRESSIVE;
				CLANG_WARN_UNREACHABLE_CODE = YES;
				CLANG_WARN__DUPLICATE_METHOD_MATCH = YES;
				COPY_PHASE_STRIP = NO;
				DEBUG_INFORMATION_FORMAT = "dwarf-with-dsym";
				ENABLE_NS_ASSERTIONS = NO;
				ENABLE_STRICT_OBJC_MSGSEND = YES;
				GCC_C_LANGUAGE_STANDARD = gnu11;
				GCC_NO_COMMON_BLOCKS = YES;
				GCC_WARN_64_TO_32_BIT_CONVERSION = YES;
				GCC_WARN_ABOUT_RETURN_TYPE = YES_ERROR;
				GCC_WARN_UNDECLARED_SELECTOR = YES;
				GCC_WARN_UNINITIALIZED_AUTOS = YES_AGGRESSIVE;
				GCC_WARN_UNUSED_FUNCTION = YES;
				GCC_WARN_UNUSED_VARIABLE = YES;
				IPHONEOS_DEPLOYMENT_TARGET = 15.5;
				MTL_ENABLE_DEBUG_INFO = NO;
				MTL_FAST_MATH = YES;
				SDKROOT = iphoneos;
				SWIFT_COMPILATION_MODE = wholemodule;
				SWIFT_OPTIMIZATION_LEVEL = "-O";
				VALIDATE_PRODUCT = YES;
			};
			name = Release;
		};
		DD9A570028F5BDC4003C6204 /* Debug */ = {
			isa = XCBuildConfiguration;
			buildSettings = {
				ASSETCATALOG_COMPILER_APPICON_NAME = AppIcon;
				ASSETCATALOG_COMPILER_GLOBAL_ACCENT_COLOR_NAME = AccentColor;
				CODE_SIGN_STYLE = Automatic;
				CURRENT_PROJECT_VERSION = 1;
				GENERATE_INFOPLIST_FILE = YES;
				INFOPLIST_FILE = "CS275-PokerApp/Info.plist";
				INFOPLIST_KEY_UIApplicationSupportsIndirectInputEvents = YES;
				INFOPLIST_KEY_UILaunchStoryboardName = LaunchScreen;
				INFOPLIST_KEY_UIMainStoryboardFile = Main;
				INFOPLIST_KEY_UISupportedInterfaceOrientations_iPad = "UIInterfaceOrientationPortrait UIInterfaceOrientationPortraitUpsideDown UIInterfaceOrientationLandscapeLeft UIInterfaceOrientationLandscapeRight";
				INFOPLIST_KEY_UISupportedInterfaceOrientations_iPhone = "UIInterfaceOrientationPortrait UIInterfaceOrientationLandscapeLeft UIInterfaceOrientationLandscapeRight";
				LD_RUNPATH_SEARCH_PATHS = (
					"$(inherited)",
					"@executable_path/Frameworks",
				);
				MARKETING_VERSION = 1.0;
				PRODUCT_BUNDLE_IDENTIFIER = "aveal.CS275-PokerApp";
				PRODUCT_NAME = "$(TARGET_NAME)";
				SWIFT_EMIT_LOC_STRINGS = YES;
				SWIFT_VERSION = 5.0;
				TARGETED_DEVICE_FAMILY = "1,2";
			};
			name = Debug;
		};
		DD9A570128F5BDC4003C6204 /* Release */ = {
			isa = XCBuildConfiguration;
			buildSettings = {
				ASSETCATALOG_COMPILER_APPICON_NAME = AppIcon;
				ASSETCATALOG_COMPILER_GLOBAL_ACCENT_COLOR_NAME = AccentColor;
				CODE_SIGN_STYLE = Automatic;
				CURRENT_PROJECT_VERSION = 1;
				GENERATE_INFOPLIST_FILE = YES;
				INFOPLIST_FILE = "CS275-PokerApp/Info.plist";
				INFOPLIST_KEY_UIApplicationSupportsIndirectInputEvents = YES;
				INFOPLIST_KEY_UILaunchStoryboardName = LaunchScreen;
				INFOPLIST_KEY_UIMainStoryboardFile = Main;
				INFOPLIST_KEY_UISupportedInterfaceOrientations_iPad = "UIInterfaceOrientationPortrait UIInterfaceOrientationPortraitUpsideDown UIInterfaceOrientationLandscapeLeft UIInterfaceOrientationLandscapeRight";
				INFOPLIST_KEY_UISupportedInterfaceOrientations_iPhone = "UIInterfaceOrientationPortrait UIInterfaceOrientationLandscapeLeft UIInterfaceOrientationLandscapeRight";
				LD_RUNPATH_SEARCH_PATHS = (
					"$(inherited)",
					"@executable_path/Frameworks",
				);
				MARKETING_VERSION = 1.0;
				PRODUCT_BUNDLE_IDENTIFIER = "aveal.CS275-PokerApp";
				PRODUCT_NAME = "$(TARGET_NAME)";
				SWIFT_EMIT_LOC_STRINGS = YES;
				SWIFT_VERSION = 5.0;
				TARGETED_DEVICE_FAMILY = "1,2";
			};
			name = Release;
		};
		DD9A570328F5BDC4003C6204 /* Debug */ = {
			isa = XCBuildConfiguration;
			buildSettings = {
				ALWAYS_EMBED_SWIFT_STANDARD_LIBRARIES = YES;
				BUNDLE_LOADER = "$(TEST_HOST)";
				CODE_SIGN_STYLE = Automatic;
				CURRENT_PROJECT_VERSION = 1;
				GENERATE_INFOPLIST_FILE = YES;
				IPHONEOS_DEPLOYMENT_TARGET = 15.5;
				MARKETING_VERSION = 1.0;
				PRODUCT_BUNDLE_IDENTIFIER = "aveal.CS275-PokerAppTests";
				PRODUCT_NAME = "$(TARGET_NAME)";
				SWIFT_EMIT_LOC_STRINGS = NO;
				SWIFT_VERSION = 5.0;
				TARGETED_DEVICE_FAMILY = "1,2";
				TEST_HOST = "$(BUILT_PRODUCTS_DIR)/CS275-PokerApp.app/CS275-PokerApp";
			};
			name = Debug;
		};
		DD9A570428F5BDC4003C6204 /* Release */ = {
			isa = XCBuildConfiguration;
			buildSettings = {
				ALWAYS_EMBED_SWIFT_STANDARD_LIBRARIES = YES;
				BUNDLE_LOADER = "$(TEST_HOST)";
				CODE_SIGN_STYLE = Automatic;
				CURRENT_PROJECT_VERSION = 1;
				GENERATE_INFOPLIST_FILE = YES;
				IPHONEOS_DEPLOYMENT_TARGET = 15.5;
				MARKETING_VERSION = 1.0;
				PRODUCT_BUNDLE_IDENTIFIER = "aveal.CS275-PokerAppTests";
				PRODUCT_NAME = "$(TARGET_NAME)";
				SWIFT_EMIT_LOC_STRINGS = NO;
				SWIFT_VERSION = 5.0;
				TARGETED_DEVICE_FAMILY = "1,2";
				TEST_HOST = "$(BUILT_PRODUCTS_DIR)/CS275-PokerApp.app/CS275-PokerApp";
			};
			name = Release;
		};
		DD9A570628F5BDC4003C6204 /* Debug */ = {
			isa = XCBuildConfiguration;
			buildSettings = {
				ALWAYS_EMBED_SWIFT_STANDARD_LIBRARIES = YES;
				CODE_SIGN_STYLE = Automatic;
				CURRENT_PROJECT_VERSION = 1;
				GENERATE_INFOPLIST_FILE = YES;
				MARKETING_VERSION = 1.0;
				PRODUCT_BUNDLE_IDENTIFIER = "aveal.CS275-PokerAppUITests";
				PRODUCT_NAME = "$(TARGET_NAME)";
				SWIFT_EMIT_LOC_STRINGS = NO;
				SWIFT_VERSION = 5.0;
				TARGETED_DEVICE_FAMILY = "1,2";
				TEST_TARGET_NAME = "CS275-PokerApp";
			};
			name = Debug;
		};
		DD9A570728F5BDC4003C6204 /* Release */ = {
			isa = XCBuildConfiguration;
			buildSettings = {
				ALWAYS_EMBED_SWIFT_STANDARD_LIBRARIES = YES;
				CODE_SIGN_STYLE = Automatic;
				CURRENT_PROJECT_VERSION = 1;
				GENERATE_INFOPLIST_FILE = YES;
				MARKETING_VERSION = 1.0;
				PRODUCT_BUNDLE_IDENTIFIER = "aveal.CS275-PokerAppUITests";
				PRODUCT_NAME = "$(TARGET_NAME)";
				SWIFT_EMIT_LOC_STRINGS = NO;
				SWIFT_VERSION = 5.0;
				TARGETED_DEVICE_FAMILY = "1,2";
				TEST_TARGET_NAME = "CS275-PokerApp";
			};
			name = Release;
		};
/* End XCBuildConfiguration section */

/* Begin XCConfigurationList section */
		DD9A56D028F5BDBE003C6204 /* Build configuration list for PBXProject "CS275-PokerApp" */ = {
			isa = XCConfigurationList;
			buildConfigurations = (
				DD9A56FD28F5BDC4003C6204 /* Debug */,
				DD9A56FE28F5BDC4003C6204 /* Release */,
			);
			defaultConfigurationIsVisible = 0;
			defaultConfigurationName = Release;
		};
		DD9A56FF28F5BDC4003C6204 /* Build configuration list for PBXNativeTarget "CS275-PokerApp" */ = {
			isa = XCConfigurationList;
			buildConfigurations = (
				DD9A570028F5BDC4003C6204 /* Debug */,
				DD9A570128F5BDC4003C6204 /* Release */,
			);
			defaultConfigurationIsVisible = 0;
			defaultConfigurationName = Release;
		};
		DD9A570228F5BDC4003C6204 /* Build configuration list for PBXNativeTarget "CS275-PokerAppTests" */ = {
			isa = XCConfigurationList;
			buildConfigurations = (
				DD9A570328F5BDC4003C6204 /* Debug */,
				DD9A570428F5BDC4003C6204 /* Release */,
			);
			defaultConfigurationIsVisible = 0;
			defaultConfigurationName = Release;
		};
		DD9A570528F5BDC4003C6204 /* Build configuration list for PBXNativeTarget "CS275-PokerAppUITests" */ = {
			isa = XCConfigurationList;
			buildConfigurations = (
				DD9A570628F5BDC4003C6204 /* Debug */,
				DD9A570728F5BDC4003C6204 /* Release */,
			);
			defaultConfigurationIsVisible = 0;
			defaultConfigurationName = Release;
		};
/* End XCConfigurationList section */
	};
	rootObject = DD9A56CD28F5BDBE003C6204 /* Project object */;
}
